// !$*UTF8*$!
{
	archiveVersion = 1;
	classes = {
	};
	objectVersion = 46;
	objects = {

/* Begin PBXBuildFile section */
		6A33C1321EC6BFE70033C4B1 /* RxBlocking.framework in Frameworks */ = {isa = PBXBuildFile; fileRef = 6ADC97DD1EC2E8E0009F3795 /* RxBlocking.framework */; };
		6A33C1331EC6BFE70033C4B1 /* RxCocoa.framework in Frameworks */ = {isa = PBXBuildFile; fileRef = 6ADC97DE1EC2E8E0009F3795 /* RxCocoa.framework */; };
		6A33C1341EC6BFE70033C4B1 /* RxSwift.framework in Frameworks */ = {isa = PBXBuildFile; fileRef = 6ADC97DF1EC2E8E0009F3795 /* RxSwift.framework */; };
		6A54D4771EE8BB110001FAEE /* NewsFeedViewModel.swift in Sources */ = {isa = PBXBuildFile; fileRef = 6A54D4761EE8BB110001FAEE /* NewsFeedViewModel.swift */; };
		6A54D4791EE8BB330001FAEE /* NewsFeedViewController.swift in Sources */ = {isa = PBXBuildFile; fileRef = 6A54D4781EE8BB330001FAEE /* NewsFeedViewController.swift */; };
		6A54D47B1EE8BBF10001FAEE /* NewsFeedRepository.swift in Sources */ = {isa = PBXBuildFile; fileRef = 6A54D47A1EE8BBF10001FAEE /* NewsFeedRepository.swift */; };
		6A54D47D1EE9D1F80001FAEE /* Networking.swift in Sources */ = {isa = PBXBuildFile; fileRef = 6A54D47C1EE9D1F80001FAEE /* Networking.swift */; };
		6A54D4811EECC34A0001FAEE /* ResultModel.swift in Sources */ = {isa = PBXBuildFile; fileRef = 6A54D4801EECC34A0001FAEE /* ResultModel.swift */; };
		6AA6C92D1EC1E9F30061F02E /* AppDelegate.swift in Sources */ = {isa = PBXBuildFile; fileRef = 6AA6C92C1EC1E9F30061F02E /* AppDelegate.swift */; };
		6AA6C9341EC1E9F30061F02E /* Assets.xcassets in Resources */ = {isa = PBXBuildFile; fileRef = 6AA6C9331EC1E9F30061F02E /* Assets.xcassets */; };
		6AA6C9371EC1E9F30061F02E /* LaunchScreen.storyboard in Resources */ = {isa = PBXBuildFile; fileRef = 6AA6C9351EC1E9F30061F02E /* LaunchScreen.storyboard */; };
		6AA6C9421EC1E9F30061F02E /* ZhihuDailyTests.swift in Sources */ = {isa = PBXBuildFile; fileRef = 6AA6C9411EC1E9F30061F02E /* ZhihuDailyTests.swift */; };
		6AA6C9571EC1ED1A0061F02E /* Route.swift in Sources */ = {isa = PBXBuildFile; fileRef = 6AA6C9561EC1ED1A0061F02E /* Route.swift */; };
		6AC444CB1EEF8F130025E89B /* Diff.framework in Frameworks */ = {isa = PBXBuildFile; fileRef = 6AC444CA1EEF8F130025E89B /* Diff.framework */; };
		6AC444CC1EEF8F130025E89B /* Diff.framework in Embed Frameworks */ = {isa = PBXBuildFile; fileRef = 6AC444CA1EEF8F130025E89B /* Diff.framework */; settings = {ATTRIBUTES = (CodeSignOnCopy, RemoveHeadersOnCopy, ); }; };
		6ADC97E21EC2E8E0009F3795 /* RxBlocking.framework in Frameworks */ = {isa = PBXBuildFile; fileRef = 6ADC97DD1EC2E8E0009F3795 /* RxBlocking.framework */; };
		6ADC97E31EC2E8E0009F3795 /* RxBlocking.framework in Embed Frameworks */ = {isa = PBXBuildFile; fileRef = 6ADC97DD1EC2E8E0009F3795 /* RxBlocking.framework */; settings = {ATTRIBUTES = (CodeSignOnCopy, RemoveHeadersOnCopy, ); }; };
		6ADC97E41EC2E8E0009F3795 /* RxCocoa.framework in Frameworks */ = {isa = PBXBuildFile; fileRef = 6ADC97DE1EC2E8E0009F3795 /* RxCocoa.framework */; };
		6ADC97E51EC2E8E0009F3795 /* RxCocoa.framework in Embed Frameworks */ = {isa = PBXBuildFile; fileRef = 6ADC97DE1EC2E8E0009F3795 /* RxCocoa.framework */; settings = {ATTRIBUTES = (CodeSignOnCopy, RemoveHeadersOnCopy, ); }; };
		6ADC97E61EC2E8E0009F3795 /* RxSwift.framework in Frameworks */ = {isa = PBXBuildFile; fileRef = 6ADC97DF1EC2E8E0009F3795 /* RxSwift.framework */; };
		6ADC97E71EC2E8E0009F3795 /* RxSwift.framework in Embed Frameworks */ = {isa = PBXBuildFile; fileRef = 6ADC97DF1EC2E8E0009F3795 /* RxSwift.framework */; settings = {ATTRIBUTES = (CodeSignOnCopy, RemoveHeadersOnCopy, ); }; };
		6ADC97ED1EC44B0A009F3795 /* CartService.swift in Sources */ = {isa = PBXBuildFile; fileRef = 6ADC97EC1EC44B0A009F3795 /* CartService.swift */; };
		BE46124E8B548C7EB504492E /* UINavigationController+Helper.swift in Sources */ = {isa = PBXBuildFile; fileRef = BE461FDC485DAF4EA25E1A93 /* UINavigationController+Helper.swift */; };
		BE461C317C00BBC20077B221 /* NewsListTests.swift in Sources */ = {isa = PBXBuildFile; fileRef = BE461BCD1D4B351D78C5C819 /* NewsListTests.swift */; };
		BE461ED7A1AB13C9EFEE9DB3 /* News.swift in Sources */ = {isa = PBXBuildFile; fileRef = BE4613A5ED19090537CA7A62 /* News.swift */; };
/* End PBXBuildFile section */

/* Begin PBXContainerItemProxy section */
		6AA6C93E1EC1E9F30061F02E /* PBXContainerItemProxy */ = {
			isa = PBXContainerItemProxy;
			containerPortal = 6AA6C9211EC1E9F30061F02E /* Project object */;
			proxyType = 1;
			remoteGlobalIDString = 6AA6C9281EC1E9F30061F02E;
			remoteInfo = ZhihuDaily;
		};
/* End PBXContainerItemProxy section */

/* Begin PBXCopyFilesBuildPhase section */
		6ADC97E81EC2E8E0009F3795 /* Embed Frameworks */ = {
			isa = PBXCopyFilesBuildPhase;
			buildActionMask = 2147483647;
			dstPath = "";
			dstSubfolderSpec = 10;
			files = (
				6ADC97E71EC2E8E0009F3795 /* RxSwift.framework in Embed Frameworks */,
				6ADC97E51EC2E8E0009F3795 /* RxCocoa.framework in Embed Frameworks */,
				6ADC97E31EC2E8E0009F3795 /* RxBlocking.framework in Embed Frameworks */,
				6AC444CC1EEF8F130025E89B /* Diff.framework in Embed Frameworks */,
			);
			name = "Embed Frameworks";
			runOnlyForDeploymentPostprocessing = 0;
		};
/* End PBXCopyFilesBuildPhase section */

/* Begin PBXFileReference section */
		6A33C13A1EC7072C0033C4B1 /* Diff.framework */ = {isa = PBXFileReference; lastKnownFileType = wrapper.framework; name = Diff.framework; path = Carthage/Build/iOS/Diff.framework; sourceTree = "<group>"; };
		6A54D4761EE8BB110001FAEE /* NewsFeedViewModel.swift */ = {isa = PBXFileReference; fileEncoding = 4; lastKnownFileType = sourcecode.swift; path = NewsFeedViewModel.swift; sourceTree = "<group>"; };
		6A54D4781EE8BB330001FAEE /* NewsFeedViewController.swift */ = {isa = PBXFileReference; fileEncoding = 4; lastKnownFileType = sourcecode.swift; path = NewsFeedViewController.swift; sourceTree = "<group>"; };
		6A54D47A1EE8BBF10001FAEE /* NewsFeedRepository.swift */ = {isa = PBXFileReference; fileEncoding = 4; lastKnownFileType = sourcecode.swift; path = NewsFeedRepository.swift; sourceTree = "<group>"; };
		6A54D47C1EE9D1F80001FAEE /* Networking.swift */ = {isa = PBXFileReference; fileEncoding = 4; lastKnownFileType = sourcecode.swift; path = Networking.swift; sourceTree = "<group>"; };
		6A54D4801EECC34A0001FAEE /* ResultModel.swift */ = {isa = PBXFileReference; fileEncoding = 4; lastKnownFileType = sourcecode.swift; path = ResultModel.swift; sourceTree = "<group>"; };
		6AA6C9291EC1E9F30061F02E /* ZhihuDaily.app */ = {isa = PBXFileReference; explicitFileType = wrapper.application; includeInIndex = 0; path = ZhihuDaily.app; sourceTree = BUILT_PRODUCTS_DIR; };
		6AA6C92C1EC1E9F30061F02E /* AppDelegate.swift */ = {isa = PBXFileReference; lastKnownFileType = sourcecode.swift; path = AppDelegate.swift; sourceTree = "<group>"; };
		6AA6C9331EC1E9F30061F02E /* Assets.xcassets */ = {isa = PBXFileReference; lastKnownFileType = folder.assetcatalog; path = Assets.xcassets; sourceTree = "<group>"; };
		6AA6C9361EC1E9F30061F02E /* Base */ = {isa = PBXFileReference; lastKnownFileType = file.storyboard; name = Base; path = Base.lproj/LaunchScreen.storyboard; sourceTree = "<group>"; };
		6AA6C9381EC1E9F30061F02E /* Info.plist */ = {isa = PBXFileReference; lastKnownFileType = text.plist.xml; path = Info.plist; sourceTree = "<group>"; };
		6AA6C93D1EC1E9F30061F02E /* ZhihuDailyTests.xctest */ = {isa = PBXFileReference; explicitFileType = wrapper.cfbundle; includeInIndex = 0; path = ZhihuDailyTests.xctest; sourceTree = BUILT_PRODUCTS_DIR; };
		6AA6C9411EC1E9F30061F02E /* ZhihuDailyTests.swift */ = {isa = PBXFileReference; lastKnownFileType = sourcecode.swift; path = ZhihuDailyTests.swift; sourceTree = "<group>"; };
		6AA6C9431EC1E9F30061F02E /* Info.plist */ = {isa = PBXFileReference; lastKnownFileType = text.plist.xml; path = Info.plist; sourceTree = "<group>"; };
		6AA6C9561EC1ED1A0061F02E /* Route.swift */ = {isa = PBXFileReference; fileEncoding = 4; lastKnownFileType = sourcecode.swift; path = Route.swift; sourceTree = "<group>"; };
		6AC444CA1EEF8F130025E89B /* Diff.framework */ = {isa = PBXFileReference; lastKnownFileType = wrapper.framework; name = Diff.framework; path = ../../Carthage/Build/iOS/Diff.framework; sourceTree = "<group>"; };
		6ADC97C71EC24CFC009F3795 /* UINavigationController+Helper.swift */ = {isa = PBXFileReference; fileEncoding = 4; lastKnownFileType = sourcecode.swift; path = "UINavigationController+Helper.swift"; sourceTree = "<group>"; };
		6ADC97DD1EC2E8E0009F3795 /* RxBlocking.framework */ = {isa = PBXFileReference; lastKnownFileType = wrapper.framework; name = RxBlocking.framework; path = ../../Carthage/Build/iOS/RxBlocking.framework; sourceTree = "<group>"; };
		6ADC97DE1EC2E8E0009F3795 /* RxCocoa.framework */ = {isa = PBXFileReference; lastKnownFileType = wrapper.framework; name = RxCocoa.framework; path = ../../Carthage/Build/iOS/RxCocoa.framework; sourceTree = "<group>"; };
		6ADC97DF1EC2E8E0009F3795 /* RxSwift.framework */ = {isa = PBXFileReference; lastKnownFileType = wrapper.framework; name = RxSwift.framework; path = ../../Carthage/Build/iOS/RxSwift.framework; sourceTree = "<group>"; };
		6ADC97EC1EC44B0A009F3795 /* CartService.swift */ = {isa = PBXFileReference; fileEncoding = 4; lastKnownFileType = sourcecode.swift; path = CartService.swift; sourceTree = "<group>"; };
		BE4613A5ED19090537CA7A62 /* News.swift */ = {isa = PBXFileReference; fileEncoding = 4; lastKnownFileType = sourcecode.swift; path = News.swift; sourceTree = "<group>"; };
		BE461BCD1D4B351D78C5C819 /* NewsListTests.swift */ = {isa = PBXFileReference; fileEncoding = 4; lastKnownFileType = sourcecode.swift; path = NewsListTests.swift; sourceTree = "<group>"; };
		BE461FDC485DAF4EA25E1A93 /* UINavigationController+Helper.swift */ = {isa = PBXFileReference; fileEncoding = 4; lastKnownFileType = sourcecode.swift; name = "UINavigationController+Helper.swift"; path = "Extensions/UINavigationController+Helper.swift"; sourceTree = "<group>"; };
/* End PBXFileReference section */

/* Begin PBXFrameworksBuildPhase section */
		6AA6C9261EC1E9F30061F02E /* Frameworks */ = {
			isa = PBXFrameworksBuildPhase;
			buildActionMask = 2147483647;
			files = (
				6ADC97E61EC2E8E0009F3795 /* RxSwift.framework in Frameworks */,
				6ADC97E41EC2E8E0009F3795 /* RxCocoa.framework in Frameworks */,
				6ADC97E21EC2E8E0009F3795 /* RxBlocking.framework in Frameworks */,
				6AC444CB1EEF8F130025E89B /* Diff.framework in Frameworks */,
			);
			runOnlyForDeploymentPostprocessing = 0;
		};
		6AA6C93A1EC1E9F30061F02E /* Frameworks */ = {
			isa = PBXFrameworksBuildPhase;
			buildActionMask = 2147483647;
			files = (
				6A33C1321EC6BFE70033C4B1 /* RxBlocking.framework in Frameworks */,
				6A33C1331EC6BFE70033C4B1 /* RxCocoa.framework in Frameworks */,
				6A33C1341EC6BFE70033C4B1 /* RxSwift.framework in Frameworks */,
			);
			runOnlyForDeploymentPostprocessing = 0;
		};
/* End PBXFrameworksBuildPhase section */

/* Begin PBXGroup section */
		6A33C1391EC7072B0033C4B1 /* Frameworks */ = {
			isa = PBXGroup;
			children = (
				6A33C13A1EC7072C0033C4B1 /* Diff.framework */,
			);
			name = Frameworks;
			sourceTree = "<group>";
		};
		6A54D4751EE8B4880001FAEE /* NewsFeed */ = {
			isa = PBXGroup;
			children = (
				6A54D4761EE8BB110001FAEE /* NewsFeedViewModel.swift */,
				6A54D47A1EE8BBF10001FAEE /* NewsFeedRepository.swift */,
				6A54D4781EE8BB330001FAEE /* NewsFeedViewController.swift */,
			);
			path = NewsFeed;
			sourceTree = "<group>";
		};
		6AA6C9201EC1E9F30061F02E = {
			isa = PBXGroup;
			children = (
				6AA6C92B1EC1E9F30061F02E /* ZhihuDaily */,
				6AA6C9401EC1E9F30061F02E /* ZhihuDailyTests */,
				6AA6C92A1EC1E9F30061F02E /* Products */,
				6A33C1391EC7072B0033C4B1 /* Frameworks */,
			);
			sourceTree = "<group>";
		};
		6AA6C92A1EC1E9F30061F02E /* Products */ = {
			isa = PBXGroup;
			children = (
				6AA6C9291EC1E9F30061F02E /* ZhihuDaily.app */,
				6AA6C93D1EC1E9F30061F02E /* ZhihuDailyTests.xctest */,
			);
			name = Products;
			sourceTree = "<group>";
		};
		6AA6C92B1EC1E9F30061F02E /* ZhihuDaily */ = {
			isa = PBXGroup;
			children = (
				6ADC97E91EC2E907009F3795 /* External */,
				6ADC97C61EC24CFC009F3795 /* Extensions */,
				6ADC97C81EC24CFC009F3795 /* Infrastructure */,
				6ADC97CE1EC24CFC009F3795 /* Models */,
				6ADC97CF1EC24CFC009F3795 /* Pages */,
				6ADC97D01EC24CFC009F3795 /* Shared */,
				6ADC97D51EC24CFC009F3795 /* Utilities */,
				6AA6C92C1EC1E9F30061F02E /* AppDelegate.swift */,
				6AA6C9561EC1ED1A0061F02E /* Route.swift */,
				6AA6C9331EC1E9F30061F02E /* Assets.xcassets */,
				6AA6C9351EC1E9F30061F02E /* LaunchScreen.storyboard */,
				6AA6C9381EC1E9F30061F02E /* Info.plist */,
				BE461FDC485DAF4EA25E1A93 /* UINavigationController+Helper.swift */,
			);
			path = ZhihuDaily;
			sourceTree = "<group>";
		};
		6AA6C9401EC1E9F30061F02E /* ZhihuDailyTests */ = {
			isa = PBXGroup;
			children = (
				6AA6C9411EC1E9F30061F02E /* ZhihuDailyTests.swift */,
				6AA6C9431EC1E9F30061F02E /* Info.plist */,
				BE461BCD1D4B351D78C5C819 /* NewsListTests.swift */,
			);
			path = ZhihuDailyTests;
			sourceTree = "<group>";
		};
		6ADC97C61EC24CFC009F3795 /* Extensions */ = {
			isa = PBXGroup;
			children = (
				6ADC97C71EC24CFC009F3795 /* UINavigationController+Helper.swift */,
			);
			path = Extensions;
			sourceTree = "<group>";
		};
		6ADC97C81EC24CFC009F3795 /* Infrastructure */ = {
			isa = PBXGroup;
			children = (
				6ADC97C91EC24CFC009F3795 /* Image */,
				6ADC97CA1EC24CFC009F3795 /* Logging */,
				6ADC97CB1EC24CFC009F3795 /* Networking */,
				6ADC97CC1EC24CFC009F3795 /* Routing */,
				6ADC97CD1EC24CFC009F3795 /* Storage */,
			);
			path = Infrastructure;
			sourceTree = "<group>";
		};
		6ADC97C91EC24CFC009F3795 /* Image */ = {
			isa = PBXGroup;
			children = (
			);
			path = Image;
			sourceTree = "<group>";
		};
		6ADC97CA1EC24CFC009F3795 /* Logging */ = {
			isa = PBXGroup;
			children = (
			);
			path = Logging;
			sourceTree = "<group>";
		};
		6ADC97CB1EC24CFC009F3795 /* Networking */ = {
			isa = PBXGroup;
			children = (
				6A54D47C1EE9D1F80001FAEE /* Networking.swift */,
			);
			path = Networking;
			sourceTree = "<group>";
		};
		6ADC97CC1EC24CFC009F3795 /* Routing */ = {
			isa = PBXGroup;
			children = (
			);
			path = Routing;
			sourceTree = "<group>";
		};
		6ADC97CD1EC24CFC009F3795 /* Storage */ = {
			isa = PBXGroup;
			children = (
			);
			path = Storage;
			sourceTree = "<group>";
		};
		6ADC97CE1EC24CFC009F3795 /* Models */ = {
			isa = PBXGroup;
			children = (
				BE4613A5ED19090537CA7A62 /* News.swift */,
			);
			path = Models;
			sourceTree = "<group>";
		};
		6ADC97CF1EC24CFC009F3795 /* Pages */ = {
			isa = PBXGroup;
			children = (
				6A54D4751EE8B4880001FAEE /* NewsFeed */,
			);
			path = Pages;
			sourceTree = "<group>";
		};
		6ADC97D01EC24CFC009F3795 /* Shared */ = {
			isa = PBXGroup;
			children = (
				6ADC97D11EC24CFC009F3795 /* Notifications */,
				6ADC97D21EC24CFC009F3795 /* Services */,
				6ADC97D31EC24CFC009F3795 /* Style */,
				6ADC97D41EC24CFC009F3795 /* Components */,
			);
			path = Shared;
			sourceTree = "<group>";
		};
		6ADC97D11EC24CFC009F3795 /* Notifications */ = {
			isa = PBXGroup;
			children = (
			);
			path = Notifications;
			sourceTree = "<group>";
		};
		6ADC97D21EC24CFC009F3795 /* Services */ = {
			isa = PBXGroup;
			children = (
				6ADC97EC1EC44B0A009F3795 /* CartService.swift */,
			);
			path = Services;
			sourceTree = "<group>";
		};
		6ADC97D31EC24CFC009F3795 /* Style */ = {
			isa = PBXGroup;
			children = (
			);
			path = Style;
			sourceTree = "<group>";
		};
		6ADC97D41EC24CFC009F3795 /* Components */ = {
			isa = PBXGroup;
			children = (
			);
			name = Components;
			path = Widgets;
			sourceTree = "<group>";
		};
		6ADC97D51EC24CFC009F3795 /* Utilities */ = {
			isa = PBXGroup;
			children = (
				6A54D4801EECC34A0001FAEE /* ResultModel.swift */,
			);
			path = Utilities;
			sourceTree = "<group>";
		};
		6ADC97E91EC2E907009F3795 /* External */ = {
			isa = PBXGroup;
			children = (
				6AC444CA1EEF8F130025E89B /* Diff.framework */,
				6ADC97DD1EC2E8E0009F3795 /* RxBlocking.framework */,
				6ADC97DE1EC2E8E0009F3795 /* RxCocoa.framework */,
				6ADC97DF1EC2E8E0009F3795 /* RxSwift.framework */,
			);
			path = External;
			sourceTree = "<group>";
		};
/* End PBXGroup section */

/* Begin PBXNativeTarget section */
		6AA6C9281EC1E9F30061F02E /* ZhihuDaily */ = {
			isa = PBXNativeTarget;
			buildConfigurationList = 6AA6C9461EC1E9F30061F02E /* Build configuration list for PBXNativeTarget "ZhihuDaily" */;
			buildPhases = (
				6AA6C9251EC1E9F30061F02E /* Sources */,
				6AA6C9261EC1E9F30061F02E /* Frameworks */,
				6AA6C9271EC1E9F30061F02E /* Resources */,
				6ADC97E81EC2E8E0009F3795 /* Embed Frameworks */,
			);
			buildRules = (
			);
			dependencies = (
			);
			name = ZhihuDaily;
			productName = ZhihuDaily;
			productReference = 6AA6C9291EC1E9F30061F02E /* ZhihuDaily.app */;
			productType = "com.apple.product-type.application";
		};
		6AA6C93C1EC1E9F30061F02E /* ZhihuDailyTests */ = {
			isa = PBXNativeTarget;
			buildConfigurationList = 6AA6C9491EC1E9F30061F02E /* Build configuration list for PBXNativeTarget "ZhihuDailyTests" */;
			buildPhases = (
				6AA6C9391EC1E9F30061F02E /* Sources */,
				6AA6C93A1EC1E9F30061F02E /* Frameworks */,
				6AA6C93B1EC1E9F30061F02E /* Resources */,
			);
			buildRules = (
			);
			dependencies = (
				6AA6C93F1EC1E9F30061F02E /* PBXTargetDependency */,
			);
			name = ZhihuDailyTests;
			productName = ZhihuDailyTests;
			productReference = 6AA6C93D1EC1E9F30061F02E /* ZhihuDailyTests.xctest */;
			productType = "com.apple.product-type.bundle.unit-test";
		};
/* End PBXNativeTarget section */

/* Begin PBXProject section */
		6AA6C9211EC1E9F30061F02E /* Project object */ = {
			isa = PBXProject;
			attributes = {
				LastSwiftUpdateCheck = 0830;
				LastUpgradeCheck = 0830;
				ORGANIZATIONNAME = limboy;
				TargetAttributes = {
					6AA6C9281EC1E9F30061F02E = {
						CreatedOnToolsVersion = 8.3.2;
						DevelopmentTeam = 5P9ZHW7578;
						ProvisioningStyle = Automatic;
					};
					6AA6C93C1EC1E9F30061F02E = {
						CreatedOnToolsVersion = 8.3.2;
						DevelopmentTeam = 5P9ZHW7578;
						ProvisioningStyle = Automatic;
						TestTargetID = 6AA6C9281EC1E9F30061F02E;
					};
				};
			};
			buildConfigurationList = 6AA6C9241EC1E9F30061F02E /* Build configuration list for PBXProject "ZhihuDaily" */;
			compatibilityVersion = "Xcode 3.2";
			developmentRegion = English;
			hasScannedForEncodings = 0;
			knownRegions = (
				en,
				Base,
			);
			mainGroup = 6AA6C9201EC1E9F30061F02E;
			productRefGroup = 6AA6C92A1EC1E9F30061F02E /* Products */;
			projectDirPath = "";
			projectRoot = "";
			targets = (
				6AA6C9281EC1E9F30061F02E /* ZhihuDaily */,
				6AA6C93C1EC1E9F30061F02E /* ZhihuDailyTests */,
			);
		};
/* End PBXProject section */

/* Begin PBXResourcesBuildPhase section */
		6AA6C9271EC1E9F30061F02E /* Resources */ = {
			isa = PBXResourcesBuildPhase;
			buildActionMask = 2147483647;
			files = (
				6AA6C9371EC1E9F30061F02E /* LaunchScreen.storyboard in Resources */,
				6AA6C9341EC1E9F30061F02E /* Assets.xcassets in Resources */,
			);
			runOnlyForDeploymentPostprocessing = 0;
		};
		6AA6C93B1EC1E9F30061F02E /* Resources */ = {
			isa = PBXResourcesBuildPhase;
			buildActionMask = 2147483647;
			files = (
			);
			runOnlyForDeploymentPostprocessing = 0;
		};
/* End PBXResourcesBuildPhase section */

/* Begin PBXSourcesBuildPhase section */
		6AA6C9251EC1E9F30061F02E /* Sources */ = {
			isa = PBXSourcesBuildPhase;
			buildActionMask = 2147483647;
			files = (
				6AA6C9571EC1ED1A0061F02E /* Route.swift in Sources */,
				6A54D47D1EE9D1F80001FAEE /* Networking.swift in Sources */,
				6ADC97ED1EC44B0A009F3795 /* CartService.swift in Sources */,
				6AA6C92D1EC1E9F30061F02E /* AppDelegate.swift in Sources */,
				BE46124E8B548C7EB504492E /* UINavigationController+Helper.swift in Sources */,
				6A54D4771EE8BB110001FAEE /* NewsFeedViewModel.swift in Sources */,
				6A54D47B1EE8BBF10001FAEE /* NewsFeedRepository.swift in Sources */,
				6A54D4811EECC34A0001FAEE /* ResultModel.swift in Sources */,
				BE461ED7A1AB13C9EFEE9DB3 /* News.swift in Sources */,
				6A54D4791EE8BB330001FAEE /* NewsFeedViewController.swift in Sources */,
			);
			runOnlyForDeploymentPostprocessing = 0;
		};
		6AA6C9391EC1E9F30061F02E /* Sources */ = {
			isa = PBXSourcesBuildPhase;
			buildActionMask = 2147483647;
			files = (
				6AA6C9421EC1E9F30061F02E /* ZhihuDailyTests.swift in Sources */,
				BE461C317C00BBC20077B221 /* NewsListTests.swift in Sources */,
			);
			runOnlyForDeploymentPostprocessing = 0;
		};
/* End PBXSourcesBuildPhase section */

/* Begin PBXTargetDependency section */
		6AA6C93F1EC1E9F30061F02E /* PBXTargetDependency */ = {
			isa = PBXTargetDependency;
			target = 6AA6C9281EC1E9F30061F02E /* ZhihuDaily */;
			targetProxy = 6AA6C93E1EC1E9F30061F02E /* PBXContainerItemProxy */;
		};
/* End PBXTargetDependency section */

/* Begin PBXVariantGroup section */
		6AA6C9351EC1E9F30061F02E /* LaunchScreen.storyboard */ = {
			isa = PBXVariantGroup;
			children = (
				6AA6C9361EC1E9F30061F02E /* Base */,
			);
			name = LaunchScreen.storyboard;
			sourceTree = "<group>";
		};
/* End PBXVariantGroup section */

/* Begin XCBuildConfiguration section */
		6AA6C9441EC1E9F30061F02E /* Debug */ = {
			isa = XCBuildConfiguration;
			buildSettings = {
				ALWAYS_SEARCH_USER_PATHS = NO;
				CLANG_ANALYZER_NONNULL = YES;
				CLANG_ANALYZER_NUMBER_OBJECT_CONVERSION = YES_AGGRESSIVE;
				CLANG_CXX_LANGUAGE_STANDARD = "gnu++0x";
				CLANG_CXX_LIBRARY = "libc++";
				CLANG_ENABLE_MODULES = YES;
				CLANG_ENABLE_OBJC_ARC = YES;
				CLANG_WARN_BOOL_CONVERSION = YES;
				CLANG_WARN_CONSTANT_CONVERSION = YES;
				CLANG_WARN_DIRECT_OBJC_ISA_USAGE = YES_ERROR;
				CLANG_WARN_DOCUMENTATION_COMMENTS = YES;
				CLANG_WARN_EMPTY_BODY = YES;
				CLANG_WARN_ENUM_CONVERSION = YES;
				CLANG_WARN_INFINITE_RECURSION = YES;
				CLANG_WARN_INT_CONVERSION = YES;
				CLANG_WARN_OBJC_ROOT_CLASS = YES_ERROR;
				CLANG_WARN_SUSPICIOUS_MOVE = YES;
				CLANG_WARN_UNREACHABLE_CODE = YES;
				CLANG_WARN__DUPLICATE_METHOD_MATCH = YES;
				"CODE_SIGN_IDENTITY[sdk=iphoneos*]" = "iPhone Developer";
				COPY_PHASE_STRIP = NO;
				DEBUG_INFORMATION_FORMAT = dwarf;
				ENABLE_STRICT_OBJC_MSGSEND = YES;
				ENABLE_TESTABILITY = YES;
				GCC_C_LANGUAGE_STANDARD = gnu99;
				GCC_DYNAMIC_NO_PIC = NO;
				GCC_NO_COMMON_BLOCKS = YES;
				GCC_OPTIMIZATION_LEVEL = 0;
				GCC_PREPROCESSOR_DEFINITIONS = (
					"DEBUG=1",
					"$(inherited)",
				);
				GCC_WARN_64_TO_32_BIT_CONVERSION = YES;
				GCC_WARN_ABOUT_RETURN_TYPE = YES_ERROR;
				GCC_WARN_UNDECLARED_SELECTOR = YES;
				GCC_WARN_UNINITIALIZED_AUTOS = YES_AGGRESSIVE;
				GCC_WARN_UNUSED_FUNCTION = YES;
				GCC_WARN_UNUSED_VARIABLE = YES;
				IPHONEOS_DEPLOYMENT_TARGET = 10.3;
				MTL_ENABLE_DEBUG_INFO = YES;
				ONLY_ACTIVE_ARCH = YES;
				SDKROOT = iphoneos;
				SWIFT_ACTIVE_COMPILATION_CONDITIONS = DEBUG;
				SWIFT_OPTIMIZATION_LEVEL = "-Onone";
				SWIFT_VERSION = 3.0;
			};
			name = Debug;
		};
		6AA6C9451EC1E9F30061F02E /* Release */ = {
			isa = XCBuildConfiguration;
			buildSettings = {
				ALWAYS_SEARCH_USER_PATHS = NO;
				CLANG_ANALYZER_NONNULL = YES;
				CLANG_ANALYZER_NUMBER_OBJECT_CONVERSION = YES_AGGRESSIVE;
				CLANG_CXX_LANGUAGE_STANDARD = "gnu++0x";
				CLANG_CXX_LIBRARY = "libc++";
				CLANG_ENABLE_MODULES = YES;
				CLANG_ENABLE_OBJC_ARC = YES;
				CLANG_WARN_BOOL_CONVERSION = YES;
				CLANG_WARN_CONSTANT_CONVERSION = YES;
				CLANG_WARN_DIRECT_OBJC_ISA_USAGE = YES_ERROR;
				CLANG_WARN_DOCUMENTATION_COMMENTS = YES;
				CLANG_WARN_EMPTY_BODY = YES;
				CLANG_WARN_ENUM_CONVERSION = YES;
				CLANG_WARN_INFINITE_RECURSION = YES;
				CLANG_WARN_INT_CONVERSION = YES;
				CLANG_WARN_OBJC_ROOT_CLASS = YES_ERROR;
				CLANG_WARN_SUSPICIOUS_MOVE = YES;
				CLANG_WARN_UNREACHABLE_CODE = YES;
				CLANG_WARN__DUPLICATE_METHOD_MATCH = YES;
				"CODE_SIGN_IDENTITY[sdk=iphoneos*]" = "iPhone Developer";
				COPY_PHASE_STRIP = NO;
				DEBUG_INFORMATION_FORMAT = "dwarf-with-dsym";
				ENABLE_NS_ASSERTIONS = NO;
				ENABLE_STRICT_OBJC_MSGSEND = YES;
				GCC_C_LANGUAGE_STANDARD = gnu99;
				GCC_NO_COMMON_BLOCKS = YES;
				GCC_WARN_64_TO_32_BIT_CONVERSION = YES;
				GCC_WARN_ABOUT_RETURN_TYPE = YES_ERROR;
				GCC_WARN_UNDECLARED_SELECTOR = YES;
				GCC_WARN_UNINITIALIZED_AUTOS = YES_AGGRESSIVE;
				GCC_WARN_UNUSED_FUNCTION = YES;
				GCC_WARN_UNUSED_VARIABLE = YES;
				IPHONEOS_DEPLOYMENT_TARGET = 10.3;
				MTL_ENABLE_DEBUG_INFO = NO;
				SDKROOT = iphoneos;
				SWIFT_OPTIMIZATION_LEVEL = "-Owholemodule";
				SWIFT_VERSION = 3.0;
				VALIDATE_PRODUCT = YES;
			};
			name = Release;
		};
		6AA6C9471EC1E9F30061F02E /* Debug */ = {
			isa = XCBuildConfiguration;
			buildSettings = {
				ASSETCATALOG_COMPILER_APPICON_NAME = AppIcon;
				DEVELOPMENT_TEAM = 5P9ZHW7578;
				FRAMEWORK_SEARCH_PATHS = (
					"$(inherited)",
					"$(PROJECT_DIR)/Carthage/Build/iOS",
					"$(PROJECT_DIR)/ZhihuDaily/External",
				);
				INFOPLIST_FILE = ZhihuDaily/Info.plist;
				LD_RUNPATH_SEARCH_PATHS = "$(inherited) @executable_path/Frameworks";
				PRODUCT_BUNDLE_IDENTIFIER = me.limboy.ZhihuDaily;
				PRODUCT_NAME = "$(TARGET_NAME)";
				SWIFT_VERSION = 3.0;
			};
			name = Debug;
		};
		6AA6C9481EC1E9F30061F02E /* Release */ = {
			isa = XCBuildConfiguration;
			buildSettings = {
				ASSETCATALOG_COMPILER_APPICON_NAME = AppIcon;
				DEVELOPMENT_TEAM = 5P9ZHW7578;
				FRAMEWORK_SEARCH_PATHS = (
					"$(inherited)",
					"$(PROJECT_DIR)/Carthage/Build/iOS",
					"$(PROJECT_DIR)/ZhihuDaily/External",
				);
				INFOPLIST_FILE = ZhihuDaily/Info.plist;
				LD_RUNPATH_SEARCH_PATHS = "$(inherited) @executable_path/Frameworks";
				PRODUCT_BUNDLE_IDENTIFIER = me.limboy.ZhihuDaily;
				PRODUCT_NAME = "$(TARGET_NAME)";
				SWIFT_VERSION = 3.0;
			};
			name = Release;
		};
		6AA6C94A1EC1E9F30061F02E /* Debug */ = {
			isa = XCBuildConfiguration;
			buildSettings = {
				ALWAYS_EMBED_SWIFT_STANDARD_LIBRARIES = YES;
				BUNDLE_LOADER = "$(TEST_HOST)";
				DEVELOPMENT_TEAM = 5P9ZHW7578;
				FRAMEWORK_SEARCH_PATHS = (
					"$(inherited)",
					"$(PROJECT_DIR)/Carthage/Build/iOS",
					"$(PROJECT_DIR)/ZhihuDaily/External",
				);
				INFOPLIST_FILE = ZhihuDailyTests/Info.plist;
				LD_RUNPATH_SEARCH_PATHS = "$(inherited) @executable_path/Frameworks @loader_path/Frameworks";
				PRODUCT_BUNDLE_IDENTIFIER = me.limboy.ZhihuDailyTests;
				PRODUCT_NAME = "$(TARGET_NAME)";
				SWIFT_VERSION = 3.0;
				TEST_HOST = "$(BUILT_PRODUCTS_DIR)/ZhihuDaily.app/ZhihuDaily";
			};
			name = Debug;
		};
		6AA6C94B1EC1E9F30061F02E /* Release */ = {
			isa = XCBuildConfiguration;
			buildSettings = {
				ALWAYS_EMBED_SWIFT_STANDARD_LIBRARIES = YES;
				BUNDLE_LOADER = "$(TEST_HOST)";
				DEVELOPMENT_TEAM = 5P9ZHW7578;
				FRAMEWORK_SEARCH_PATHS = (
					"$(inherited)",
					"$(PROJECT_DIR)/Carthage/Build/iOS",
					"$(PROJECT_DIR)/ZhihuDaily/External",
				);
				INFOPLIST_FILE = ZhihuDailyTests/Info.plist;
				LD_RUNPATH_SEARCH_PATHS = "$(inherited) @executable_path/Frameworks @loader_path/Frameworks";
				PRODUCT_BUNDLE_IDENTIFIER = me.limboy.ZhihuDailyTests;
				PRODUCT_NAME = "$(TARGET_NAME)";
				SWIFT_VERSION = 3.0;
				TEST_HOST = "$(BUILT_PRODUCTS_DIR)/ZhihuDaily.app/ZhihuDaily";
			};
			name = Release;
		};
/* End XCBuildConfiguration section */

/* Begin XCConfigurationList section */
		6AA6C9241EC1E9F30061F02E /* Build configuration list for PBXProject "ZhihuDaily" */ = {
			isa = XCConfigurationList;
			buildConfigurations = (
				6AA6C9441EC1E9F30061F02E /* Debug */,
				6AA6C9451EC1E9F30061F02E /* Release */,
			);
			defaultConfigurationIsVisible = 0;
			defaultConfigurationName = Release;
		};
		6AA6C9461EC1E9F30061F02E /* Build configuration list for PBXNativeTarget "ZhihuDaily" */ = {
			isa = XCConfigurationList;
			buildConfigurations = (
				6AA6C9471EC1E9F30061F02E /* Debug */,
				6AA6C9481EC1E9F30061F02E /* Release */,
			);
			defaultConfigurationIsVisible = 0;
			defaultConfigurationName = Release;
		};
		6AA6C9491EC1E9F30061F02E /* Build configuration list for PBXNativeTarget "ZhihuDailyTests" */ = {
			isa = XCConfigurationList;
			buildConfigurations = (
				6AA6C94A1EC1E9F30061F02E /* Debug */,
				6AA6C94B1EC1E9F30061F02E /* Release */,
			);
			defaultConfigurationIsVisible = 0;
			defaultConfigurationName = Release;
		};
/* End XCConfigurationList section */
	};
	rootObject = 6AA6C9211EC1E9F30061F02E /* Project object */;
}
