// !$*UTF8*$!
{
	archiveVersion = 1;
	classes = {
	};
	objectVersion = 46;
	objects = {

/* Begin PBXBuildFile section */
		6AA6C92D1EC1E9F30061F02E /* AppDelegate.swift in Sources */ = {isa = PBXBuildFile; fileRef = 6AA6C92C1EC1E9F30061F02E /* AppDelegate.swift */; };
		6AA6C92F1EC1E9F30061F02E /* ViewController.swift in Sources */ = {isa = PBXBuildFile; fileRef = 6AA6C92E1EC1E9F30061F02E /* ViewController.swift */; };
		6AA6C9321EC1E9F30061F02E /* Main.storyboard in Resources */ = {isa = PBXBuildFile; fileRef = 6AA6C9301EC1E9F30061F02E /* Main.storyboard */; };
		6AA6C9341EC1E9F30061F02E /* Assets.xcassets in Resources */ = {isa = PBXBuildFile; fileRef = 6AA6C9331EC1E9F30061F02E /* Assets.xcassets */; };
		6AA6C9371EC1E9F30061F02E /* LaunchScreen.storyboard in Resources */ = {isa = PBXBuildFile; fileRef = 6AA6C9351EC1E9F30061F02E /* LaunchScreen.storyboard */; };
		6AA6C9421EC1E9F30061F02E /* ZhihuDailyTests.swift in Sources */ = {isa = PBXBuildFile; fileRef = 6AA6C9411EC1E9F30061F02E /* ZhihuDailyTests.swift */; };
/* End PBXBuildFile section */

/* Begin PBXContainerItemProxy section */
		6AA6C93E1EC1E9F30061F02E /* PBXContainerItemProxy */ = {
			isa = PBXContainerItemProxy;
			containerPortal = 6AA6C9211EC1E9F30061F02E /* Project object */;
			proxyType = 1;
			remoteGlobalIDString = 6AA6C9281EC1E9F30061F02E;
			remoteInfo = ZhihuDaily;
		};
/* End PBXContainerItemProxy section */

/* Begin PBXFileReference section */
		6AA6C9291EC1E9F30061F02E /* ZhihuDaily.app */ = {isa = PBXFileReference; explicitFileType = wrapper.application; includeInIndex = 0; path = ZhihuDaily.app; sourceTree = BUILT_PRODUCTS_DIR; };
		6AA6C92C1EC1E9F30061F02E /* AppDelegate.swift */ = {isa = PBXFileReference; lastKnownFileType = sourcecode.swift; path = AppDelegate.swift; sourceTree = "<group>"; };
		6AA6C92E1EC1E9F30061F02E /* ViewController.swift */ = {isa = PBXFileReference; lastKnownFileType = sourcecode.swift; path = ViewController.swift; sourceTree = "<group>"; };
		6AA6C9311EC1E9F30061F02E /* Base */ = {isa = PBXFileReference; lastKnownFileType = file.storyboard; name = Base; path = Base.lproj/Main.storyboard; sourceTree = "<group>"; };
		6AA6C9331EC1E9F30061F02E /* Assets.xcassets */ = {isa = PBXFileReference; lastKnownFileType = folder.assetcatalog; path = Assets.xcassets; sourceTree = "<group>"; };
		6AA6C9361EC1E9F30061F02E /* Base */ = {isa = PBXFileReference; lastKnownFileType = file.storyboard; name = Base; path = Base.lproj/LaunchScreen.storyboard; sourceTree = "<group>"; };
		6AA6C9381EC1E9F30061F02E /* Info.plist */ = {isa = PBXFileReference; lastKnownFileType = text.plist.xml; path = Info.plist; sourceTree = "<group>"; };
		6AA6C93D1EC1E9F30061F02E /* ZhihuDailyTests.xctest */ = {isa = PBXFileReference; explicitFileType = wrapper.cfbundle; includeInIndex = 0; path = ZhihuDailyTests.xctest; sourceTree = BUILT_PRODUCTS_DIR; };
		6AA6C9411EC1E9F30061F02E /* ZhihuDailyTests.swift */ = {isa = PBXFileReference; lastKnownFileType = sourcecode.swift; path = ZhihuDailyTests.swift; sourceTree = "<group>"; };
		6AA6C9431EC1E9F30061F02E /* Info.plist */ = {isa = PBXFileReference; lastKnownFileType = text.plist.xml; path = Info.plist; sourceTree = "<group>"; };
/* End PBXFileReference section */

/* Begin PBXFrameworksBuildPhase section */
		6AA6C9261EC1E9F30061F02E /* Frameworks */ = {
			isa = PBXFrameworksBuildPhase;
			buildActionMask = 2147483647;
			files = (
			);
			runOnlyForDeploymentPostprocessing = 0;
		};
		6AA6C93A1EC1E9F30061F02E /* Frameworks */ = {
			isa = PBXFrameworksBuildPhase;
			buildActionMask = 2147483647;
			files = (
			);
			runOnlyForDeploymentPostprocessing = 0;
		};
/* End PBXFrameworksBuildPhase section */

/* Begin PBXGroup section */
		6AA6C9201EC1E9F30061F02E = {
			isa = PBXGroup;
			children = (
				6AA6C92B1EC1E9F30061F02E /* ZhihuDaily */,
				6AA6C9401EC1E9F30061F02E /* ZhihuDailyTests */,
				6AA6C92A1EC1E9F30061F02E /* Products */,
			);
			sourceTree = "<group>";
		};
		6AA6C92A1EC1E9F30061F02E /* Products */ = {
			isa = PBXGroup;
			children = (
				6AA6C9291EC1E9F30061F02E /* ZhihuDaily.app */,
				6AA6C93D1EC1E9F30061F02E /* ZhihuDailyTests.xctest */,
			);
			name = Products;
			sourceTree = "<group>";
		};
		6AA6C92B1EC1E9F30061F02E /* ZhihuDaily */ = {
			isa = PBXGroup;
			children = (
				6AA6C92C1EC1E9F30061F02E /* AppDelegate.swift */,
				6AA6C92E1EC1E9F30061F02E /* ViewController.swift */,
				6AA6C9301EC1E9F30061F02E /* Main.storyboard */,
				6AA6C9331EC1E9F30061F02E /* Assets.xcassets */,
				6AA6C9351EC1E9F30061F02E /* LaunchScreen.storyboard */,
				6AA6C9381EC1E9F30061F02E /* Info.plist */,
			);
			path = ZhihuDaily;
			sourceTree = "<group>";
		};
		6AA6C9401EC1E9F30061F02E /* ZhihuDailyTests */ = {
			isa = PBXGroup;
			children = (
				6AA6C9411EC1E9F30061F02E /* ZhihuDailyTests.swift */,
				6AA6C9431EC1E9F30061F02E /* Info.plist */,
			);
			path = ZhihuDailyTests;
			sourceTree = "<group>";
		};
/* End PBXGroup section */

/* Begin PBXNativeTarget section */
		6AA6C9281EC1E9F30061F02E /* ZhihuDaily */ = {
			isa = PBXNativeTarget;
			buildConfigurationList = 6AA6C9461EC1E9F30061F02E /* Build configuration list for PBXNativeTarget "ZhihuDaily" */;
			buildPhases = (
				6AA6C9251EC1E9F30061F02E /* Sources */,
				6AA6C9261EC1E9F30061F02E /* Frameworks */,
				6AA6C9271EC1E9F30061F02E /* Resources */,
			);
			buildRules = (
			);
			dependencies = (
			);
			name = ZhihuDaily;
			productName = ZhihuDaily;
			productReference = 6AA6C9291EC1E9F30061F02E /* ZhihuDaily.app */;
			productType = "com.apple.product-type.application";
		};
		6AA6C93C1EC1E9F30061F02E /* ZhihuDailyTests */ = {
			isa = PBXNativeTarget;
			buildConfigurationList = 6AA6C9491EC1E9F30061F02E /* Build configuration list for PBXNativeTarget "ZhihuDailyTests" */;
			buildPhases = (
				6AA6C9391EC1E9F30061F02E /* Sources */,
				6AA6C93A1EC1E9F30061F02E /* Frameworks */,
				6AA6C93B1EC1E9F30061F02E /* Resources */,
			);
			buildRules = (
			);
			dependencies = (
				6AA6C93F1EC1E9F30061F02E /* PBXTargetDependency */,
			);
			name = ZhihuDailyTests;
			productName = ZhihuDailyTests;
			productReference = 6AA6C93D1EC1E9F30061F02E /* ZhihuDailyTests.xctest */;
			productType = "com.apple.product-type.bundle.unit-test";
		};
/* End PBXNativeTarget section */

/* Begin PBXProject section */
		6AA6C9211EC1E9F30061F02E /* Project object */ = {
			isa = PBXProject;
			attributes = {
				LastSwiftUpdateCheck = 0830;
				LastUpgradeCheck = 0830;
				ORGANIZATIONNAME = limboy;
				TargetAttributes = {
					6AA6C9281EC1E9F30061F02E = {
						CreatedOnToolsVersion = 8.3.2;
						DevelopmentTeam = 5P9ZHW7578;
						ProvisioningStyle = Automatic;
					};
					6AA6C93C1EC1E9F30061F02E = {
						CreatedOnToolsVersion = 8.3.2;
						DevelopmentTeam = 5P9ZHW7578;
						ProvisioningStyle = Automatic;
						TestTargetID = 6AA6C9281EC1E9F30061F02E;
					};
				};
			};
			buildConfigurationList = 6AA6C9241EC1E9F30061F02E /* Build configuration list for PBXProject "ZhihuDaily" */;
			compatibilityVersion = "Xcode 3.2";
			developmentRegion = English;
			hasScannedForEncodings = 0;
			knownRegions = (
				en,
				Base,
			);
			mainGroup = 6AA6C9201EC1E9F30061F02E;
			productRefGroup = 6AA6C92A1EC1E9F30061F02E /* Products */;
			projectDirPath = "";
			projectRoot = "";
			targets = (
				6AA6C9281EC1E9F30061F02E /* ZhihuDaily */,
				6AA6C93C1EC1E9F30061F02E /* ZhihuDailyTests */,
			);
		};
/* End PBXProject section */

/* Begin PBXResourcesBuildPhase section */
		6AA6C9271EC1E9F30061F02E /* Resources */ = {
			isa = PBXResourcesBuildPhase;
			buildActionMask = 2147483647;
			files = (
				6AA6C9371EC1E9F30061F02E /* LaunchScreen.storyboard in Resources */,
				6AA6C9341EC1E9F30061F02E /* Assets.xcassets in Resources */,
				6AA6C9321EC1E9F30061F02E /* Main.storyboard in Resources */,
			);
			runOnlyForDeploymentPostprocessing = 0;
		};
		6AA6C93B1EC1E9F30061F02E /* Resources */ = {
			isa = PBXResourcesBuildPhase;
			buildActionMask = 2147483647;
			files = (
			);
			runOnlyForDeploymentPostprocessing = 0;
		};
/* End PBXResourcesBuildPhase section */

/* Begin PBXSourcesBuildPhase section */
		6AA6C9251EC1E9F30061F02E /* Sources */ = {
			isa = PBXSourcesBuildPhase;
			buildActionMask = 2147483647;
			files = (
				6AA6C92F1EC1E9F30061F02E /* ViewController.swift in Sources */,
				6AA6C92D1EC1E9F30061F02E /* AppDelegate.swift in Sources */,
			);
			runOnlyForDeploymentPostprocessing = 0;
		};
		6AA6C9391EC1E9F30061F02E /* Sources */ = {
			isa = PBXSourcesBuildPhase;
			buildActionMask = 2147483647;
			files = (
				6AA6C9421EC1E9F30061F02E /* ZhihuDailyTests.swift in Sources */,
			);
			runOnlyForDeploymentPostprocessing = 0;
		};
/* End PBXSourcesBuildPhase section */

/* Begin PBXTargetDependency section */
		6AA6C93F1EC1E9F30061F02E /* PBXTargetDependency */ = {
			isa = PBXTargetDependency;
			target = 6AA6C9281EC1E9F30061F02E /* ZhihuDaily */;
			targetProxy = 6AA6C93E1EC1E9F30061F02E /* PBXContainerItemProxy */;
		};
/* End PBXTargetDependency section */

/* Begin PBXVariantGroup section */
		6AA6C9301EC1E9F30061F02E /* Main.storyboard */ = {
			isa = PBXVariantGroup;
			children = (
				6AA6C9311EC1E9F30061F02E /* Base */,
			);
			name = Main.storyboard;
			sourceTree = "<group>";
		};
		6AA6C9351EC1E9F30061F02E /* LaunchScreen.storyboard */ = {
			isa = PBXVariantGroup;
			children = (
				6AA6C9361EC1E9F30061F02E /* Base */,
			);
			name = LaunchScreen.storyboard;
			sourceTree = "<group>";
		};
/* End PBXVariantGroup section */

/* Begin XCBuildConfiguration section */
		6AA6C9441EC1E9F30061F02E /* Debug */ = {
			isa = XCBuildConfiguration;
			buildSettings = {
				ALWAYS_SEARCH_USER_PATHS = NO;
				CLANG_ANALYZER_NONNULL = YES;
				CLANG_ANALYZER_NUMBER_OBJECT_CONVERSION = YES_AGGRESSIVE;
				CLANG_CXX_LANGUAGE_STANDARD = "gnu++0x";
				CLANG_CXX_LIBRARY = "libc++";
				CLANG_ENABLE_MODULES = YES;
				CLANG_ENABLE_OBJC_ARC = YES;
				CLANG_WARN_BOOL_CONVERSION = YES;
				CLANG_WARN_CONSTANT_CONVERSION = YES;
				CLANG_WARN_DIRECT_OBJC_ISA_USAGE = YES_ERROR;
				CLANG_WARN_DOCUMENTATION_COMMENTS = YES;
				CLANG_WARN_EMPTY_BODY = YES;
				CLANG_WARN_ENUM_CONVERSION = YES;
				CLANG_WARN_INFINITE_RECURSION = YES;
				CLANG_WARN_INT_CONVERSION = YES;
				CLANG_WARN_OBJC_ROOT_CLASS = YES_ERROR;
				CLANG_WARN_SUSPICIOUS_MOVE = YES;
				CLANG_WARN_UNREACHABLE_CODE = YES;
				CLANG_WARN__DUPLICATE_METHOD_MATCH = YES;
				"CODE_SIGN_IDENTITY[sdk=iphoneos*]" = "iPhone Developer";
				COPY_PHASE_STRIP = NO;
				DEBUG_INFORMATION_FORMAT = dwarf;
				ENABLE_STRICT_OBJC_MSGSEND = YES;
				ENABLE_TESTABILITY = YES;
				GCC_C_LANGUAGE_STANDARD = gnu99;
				GCC_DYNAMIC_NO_PIC = NO;
				GCC_NO_COMMON_BLOCKS = YES;
				GCC_OPTIMIZATION_LEVEL = 0;
				GCC_PREPROCESSOR_DEFINITIONS = (
					"DEBUG=1",
					"$(inherited)",
				);
				GCC_WARN_64_TO_32_BIT_CONVERSION = YES;
				GCC_WARN_ABOUT_RETURN_TYPE = YES_ERROR;
				GCC_WARN_UNDECLARED_SELECTOR = YES;
				GCC_WARN_UNINITIALIZED_AUTOS = YES_AGGRESSIVE;
				GCC_WARN_UNUSED_FUNCTION = YES;
				GCC_WARN_UNUSED_VARIABLE = YES;
				IPHONEOS_DEPLOYMENT_TARGET = 10.3;
				MTL_ENABLE_DEBUG_INFO = YES;
				ONLY_ACTIVE_ARCH = YES;
				SDKROOT = iphoneos;
				SWIFT_ACTIVE_COMPILATION_CONDITIONS = DEBUG;
				SWIFT_OPTIMIZATION_LEVEL = "-Onone";
			};
			name = Debug;
		};
		6AA6C9451EC1E9F30061F02E /* Release */ = {
			isa = XCBuildConfiguration;
			buildSettings = {
				ALWAYS_SEARCH_USER_PATHS = NO;
				CLANG_ANALYZER_NONNULL = YES;
				CLANG_ANALYZER_NUMBER_OBJECT_CONVERSION = YES_AGGRESSIVE;
				CLANG_CXX_LANGUAGE_STANDARD = "gnu++0x";
				CLANG_CXX_LIBRARY = "libc++";
				CLANG_ENABLE_MODULES = YES;
				CLANG_ENABLE_OBJC_ARC = YES;
				CLANG_WARN_BOOL_CONVERSION = YES;
				CLANG_WARN_CONSTANT_CONVERSION = YES;
				CLANG_WARN_DIRECT_OBJC_ISA_USAGE = YES_ERROR;
				CLANG_WARN_DOCUMENTATION_COMMENTS = YES;
				CLANG_WARN_EMPTY_BODY = YES;
				CLANG_WARN_ENUM_CONVERSION = YES;
				CLANG_WARN_INFINITE_RECURSION = YES;
				CLANG_WARN_INT_CONVERSION = YES;
				CLANG_WARN_OBJC_ROOT_CLASS = YES_ERROR;
				CLANG_WARN_SUSPICIOUS_MOVE = YES;
				CLANG_WARN_UNREACHABLE_CODE = YES;
				CLANG_WARN__DUPLICATE_METHOD_MATCH = YES;
				"CODE_SIGN_IDENTITY[sdk=iphoneos*]" = "iPhone Developer";
				COPY_PHASE_STRIP = NO;
				DEBUG_INFORMATION_FORMAT = "dwarf-with-dsym";
				ENABLE_NS_ASSERTIONS = NO;
				ENABLE_STRICT_OBJC_MSGSEND = YES;
				GCC_C_LANGUAGE_STANDARD = gnu99;
				GCC_NO_COMMON_BLOCKS = YES;
				GCC_WARN_64_TO_32_BIT_CONVERSION = YES;
				GCC_WARN_ABOUT_RETURN_TYPE = YES_ERROR;
				GCC_WARN_UNDECLARED_SELECTOR = YES;
				GCC_WARN_UNINITIALIZED_AUTOS = YES_AGGRESSIVE;
				GCC_WARN_UNUSED_FUNCTION = YES;
				GCC_WARN_UNUSED_VARIABLE = YES;
				IPHONEOS_DEPLOYMENT_TARGET = 10.3;
				MTL_ENABLE_DEBUG_INFO = NO;
				SDKROOT = iphoneos;
				SWIFT_OPTIMIZATION_LEVEL = "-Owholemodule";
				VALIDATE_PRODUCT = YES;
			};
			name = Release;
		};
		6AA6C9471EC1E9F30061F02E /* Debug */ = {
			isa = XCBuildConfiguration;
			buildSettings = {
				ASSETCATALOG_COMPILER_APPICON_NAME = AppIcon;
				DEVELOPMENT_TEAM = 5P9ZHW7578;
				INFOPLIST_FILE = ZhihuDaily/Info.plist;
				LD_RUNPATH_SEARCH_PATHS = "$(inherited) @executable_path/Frameworks";
				PRODUCT_BUNDLE_IDENTIFIER = me.limboy.ZhihuDaily;
				PRODUCT_NAME = "$(TARGET_NAME)";
				SWIFT_VERSION = 3.0;
			};
			name = Debug;
		};
		6AA6C9481EC1E9F30061F02E /* Release */ = {
			isa = XCBuildConfiguration;
			buildSettings = {
				ASSETCATALOG_COMPILER_APPICON_NAME = AppIcon;
				DEVELOPMENT_TEAM = 5P9ZHW7578;
				INFOPLIST_FILE = ZhihuDaily/Info.plist;
				LD_RUNPATH_SEARCH_PATHS = "$(inherited) @executable_path/Frameworks";
				PRODUCT_BUNDLE_IDENTIFIER = me.limboy.ZhihuDaily;
				PRODUCT_NAME = "$(TARGET_NAME)";
				SWIFT_VERSION = 3.0;
			};
			name = Release;
		};
		6AA6C94A1EC1E9F30061F02E /* Debug */ = {
			isa = XCBuildConfiguration;
			buildSettings = {
				ALWAYS_EMBED_SWIFT_STANDARD_LIBRARIES = YES;
				BUNDLE_LOADER = "$(TEST_HOST)";
				DEVELOPMENT_TEAM = 5P9ZHW7578;
				INFOPLIST_FILE = ZhihuDailyTests/Info.plist;
				LD_RUNPATH_SEARCH_PATHS = "$(inherited) @executable_path/Frameworks @loader_path/Frameworks";
				PRODUCT_BUNDLE_IDENTIFIER = me.limboy.ZhihuDailyTests;
				PRODUCT_NAME = "$(TARGET_NAME)";
				SWIFT_VERSION = 3.0;
				TEST_HOST = "$(BUILT_PRODUCTS_DIR)/ZhihuDaily.app/ZhihuDaily";
			};
			name = Debug;
		};
		6AA6C94B1EC1E9F30061F02E /* Release */ = {
			isa = XCBuildConfiguration;
			buildSettings = {
				ALWAYS_EMBED_SWIFT_STANDARD_LIBRARIES = YES;
				BUNDLE_LOADER = "$(TEST_HOST)";
				DEVELOPMENT_TEAM = 5P9ZHW7578;
				INFOPLIST_FILE = ZhihuDailyTests/Info.plist;
				LD_RUNPATH_SEARCH_PATHS = "$(inherited) @executable_path/Frameworks @loader_path/Frameworks";
				PRODUCT_BUNDLE_IDENTIFIER = me.limboy.ZhihuDailyTests;
				PRODUCT_NAME = "$(TARGET_NAME)";
				SWIFT_VERSION = 3.0;
				TEST_HOST = "$(BUILT_PRODUCTS_DIR)/ZhihuDaily.app/ZhihuDaily";
			};
			name = Release;
		};
/* End XCBuildConfiguration section */

/* Begin XCConfigurationList section */
		6AA6C9241EC1E9F30061F02E /* Build configuration list for PBXProject "ZhihuDaily" */ = {
			isa = XCConfigurationList;
			buildConfigurations = (
				6AA6C9441EC1E9F30061F02E /* Debug */,
				6AA6C9451EC1E9F30061F02E /* Release */,
			);
			defaultConfigurationIsVisible = 0;
			defaultConfigurationName = Release;
		};
		6AA6C9461EC1E9F30061F02E /* Build configuration list for PBXNativeTarget "ZhihuDaily" */ = {
			isa = XCConfigurationList;
			buildConfigurations = (
				6AA6C9471EC1E9F30061F02E /* Debug */,
				6AA6C9481EC1E9F30061F02E /* Release */,
			);
			defaultConfigurationIsVisible = 0;
		};
		6AA6C9491EC1E9F30061F02E /* Build configuration list for PBXNativeTarget "ZhihuDailyTests" */ = {
			isa = XCConfigurationList;
			buildConfigurations = (
				6AA6C94A1EC1E9F30061F02E /* Debug */,
				6AA6C94B1EC1E9F30061F02E /* Release */,
			);
			defaultConfigurationIsVisible = 0;
		};
/* End XCConfigurationList section */
	};
	rootObject = 6AA6C9211EC1E9F30061F02E /* Project object */;
}
